// !$*UTF8*$!
{
	archiveVersion = 1;
	classes = {
	};
	objectVersion = 50;
	objects = {

/* Begin PBXBuildFile section */
		7805D8972588E5C80081D1BC /* ItemImageCollectionViewCell.swift in Sources */ = {isa = PBXBuildFile; fileRef = 7805D8962588E5C80081D1BC /* ItemImageCollectionViewCell.swift */; };
		7805D89F258A16680081D1BC /* MakeOrderButton.swift in Sources */ = {isa = PBXBuildFile; fileRef = 7805D89E258A16680081D1BC /* MakeOrderButton.swift */; };
		780875F3258A276A0090835F /* YesButton.swift in Sources */ = {isa = PBXBuildFile; fileRef = 780875F2258A276A0090835F /* YesButton.swift */; };
		780875F6258A27700090835F /* NoButton.swift in Sources */ = {isa = PBXBuildFile; fileRef = 780875F5258A27700090835F /* NoButton.swift */; };
		780875F9258A3A8A0090835F /* Cart.swift in Sources */ = {isa = PBXBuildFile; fileRef = 780875F8258A3A8A0090835F /* Cart.swift */; };
		780875FC258A3FF90090835F /* CartCounterView.swift in Sources */ = {isa = PBXBuildFile; fileRef = 780875FB258A3FF90090835F /* CartCounterView.swift */; };
		780875FF258A460C0090835F /* CancelButton.swift in Sources */ = {isa = PBXBuildFile; fileRef = 780875FE258A460C0090835F /* CancelButton.swift */; };
		78087602258A46F00090835F /* CartLabel.swift in Sources */ = {isa = PBXBuildFile; fileRef = 78087601258A46F00090835F /* CartLabel.swift */; };
		78087605258A47570090835F /* CartViewController.swift in Sources */ = {isa = PBXBuildFile; fileRef = 78087604258A47570090835F /* CartViewController.swift */; };
		78087609258A4C010090835F /* AddToCartButton.swift in Sources */ = {isa = PBXBuildFile; fileRef = 78087608258A4C010090835F /* AddToCartButton.swift */; };
		7808760D258A5EB30090835F /* SizeConverter.swift in Sources */ = {isa = PBXBuildFile; fileRef = 7808760C258A5EB30090835F /* SizeConverter.swift */; };
		78257A612588AB6000D7D2E1 /* ItemDetailViewController.swift in Sources */ = {isa = PBXBuildFile; fileRef = 78257A602588AB6000D7D2E1 /* ItemDetailViewController.swift */; };
		7867FF3225877856003CA752 /* SubcategoryTableViewCell.swift in Sources */ = {isa = PBXBuildFile; fileRef = 7867FF3125877856003CA752 /* SubcategoryTableViewCell.swift */; };
		7867FF35258778A7003CA752 /* SubcategoryTableViewController.swift in Sources */ = {isa = PBXBuildFile; fileRef = 7867FF34258778A7003CA752 /* SubcategoryTableViewController.swift */; };
		787EC0442588B026001A508F /* ItemNameLabel.swift in Sources */ = {isa = PBXBuildFile; fileRef = 787EC0432588B026001A508F /* ItemNameLabel.swift */; };
		787EC04B2588B149001A508F /* CostLabel.swift in Sources */ = {isa = PBXBuildFile; fileRef = 787EC04A2588B149001A508F /* CostLabel.swift */; };
		787EC04F2588B18E001A508F /* PriceLabel.swift in Sources */ = {isa = PBXBuildFile; fileRef = 787EC04E2588B18E001A508F /* PriceLabel.swift */; };
		787EC0522588B504001A508F /* HelveticaNeueCyr-Bold.ttf in Resources */ = {isa = PBXBuildFile; fileRef = 787EC0512588B504001A508F /* HelveticaNeueCyr-Bold.ttf */; };
		78A2C342258A18D300861AE9 /* MakeOrderLabel.swift in Sources */ = {isa = PBXBuildFile; fileRef = 78A2C341258A18D300861AE9 /* MakeOrderLabel.swift */; };
		78A2C345258A1A6E00861AE9 /* LineLabel.swift in Sources */ = {isa = PBXBuildFile; fileRef = 78A2C344258A1A6E00861AE9 /* LineLabel.swift */; };
		78A2C348258A1B6000861AE9 /* TotalLabel.swift in Sources */ = {isa = PBXBuildFile; fileRef = 78A2C347258A1B6000861AE9 /* TotalLabel.swift */; };
		78A2C34B258A1BBA00861AE9 /* TotalPriceLabel.swift in Sources */ = {isa = PBXBuildFile; fileRef = 78A2C34A258A1BBA00861AE9 /* TotalPriceLabel.swift */; };
		78A2C34E258A1EB700861AE9 /* CartTableViewCell.swift in Sources */ = {isa = PBXBuildFile; fileRef = 78A2C34D258A1EB700861AE9 /* CartTableViewCell.swift */; };
		78A2C351258A258F00861AE9 /* RemoveFromCartView.swift in Sources */ = {isa = PBXBuildFile; fileRef = 78A2C350258A258F00861AE9 /* RemoveFromCartView.swift */; };
		78A2C354258A25A100861AE9 /* RemoveFromCartView.xib in Resources */ = {isa = PBXBuildFile; fileRef = 78A2C353258A25A100861AE9 /* RemoveFromCartView.xib */; };
		78A2C357258A25DF00861AE9 /* UIView+Extensions.swift in Sources */ = {isa = PBXBuildFile; fileRef = 78A2C356258A25DE00861AE9 /* UIView+Extensions.swift */; };
		78C785232587B7720012534F /* Protocols.swift in Sources */ = {isa = PBXBuildFile; fileRef = 78C785222587B7720012534F /* Protocols.swift */; };
		78C785262587B83E0012534F /* ItemDescriptionLabel.swift in Sources */ = {isa = PBXBuildFile; fileRef = 78C785252587B83E0012534F /* ItemDescriptionLabel.swift */; };
		78C8D83C25878EFB001217DA /* BuyButton.swift in Sources */ = {isa = PBXBuildFile; fileRef = 78C8D83B25878EFB001217DA /* BuyButton.swift */; };
		78C8D83F2587903B001217DA /* ItemsCollectionViewController.swift in Sources */ = {isa = PBXBuildFile; fileRef = 78C8D83E2587903B001217DA /* ItemsCollectionViewController.swift */; };
		78C8D8422587904E001217DA /* ItemCollectionViewCell.swift in Sources */ = {isa = PBXBuildFile; fileRef = 78C8D8412587904E001217DA /* ItemCollectionViewCell.swift */; };
		78C8D8452587919B001217DA /* ItemsFetcher.swift in Sources */ = {isa = PBXBuildFile; fileRef = 78C8D8442587919B001217DA /* ItemsFetcher.swift */; };
		78C8D84925879677001217DA /* Item.swift in Sources */ = {isa = PBXBuildFile; fileRef = 78C8D84825879677001217DA /* Item.swift */; };
		78C8D84C2587996E001217DA /* ItemsParser.swift in Sources */ = {isa = PBXBuildFile; fileRef = 78C8D84B2587996E001217DA /* ItemsParser.swift */; };
		78C8D85A2587B612001217DA /* AddToCartLabel.swift in Sources */ = {isa = PBXBuildFile; fileRef = 78C8D8592587B612001217DA /* AddToCartLabel.swift */; };
		78F494DF25838BA80066E758 /* AppDelegate.swift in Sources */ = {isa = PBXBuildFile; fileRef = 78F494DE25838BA80066E758 /* AppDelegate.swift */; };
		78F494E625838BA80066E758 /* Main.storyboard in Resources */ = {isa = PBXBuildFile; fileRef = 78F494E425838BA80066E758 /* Main.storyboard */; };
		78F494E825838BA80066E758 /* Assets.xcassets in Resources */ = {isa = PBXBuildFile; fileRef = 78F494E725838BA80066E758 /* Assets.xcassets */; };
		78F494EB25838BA80066E758 /* LaunchScreen.storyboard in Resources */ = {isa = PBXBuildFile; fileRef = 78F494E925838BA80066E758 /* LaunchScreen.storyboard */; };
		78F494FC258390570066E758 /* URLS.swift in Sources */ = {isa = PBXBuildFile; fileRef = 78F494FB258390570066E758 /* URLS.swift */; };
		78F494FF258390CD0066E758 /* ImageFetcher.swift in Sources */ = {isa = PBXBuildFile; fileRef = 78F494FE258390CD0066E758 /* ImageFetcher.swift */; };
		78F495022583914F0066E758 /* CategoriesFetcher.swift in Sources */ = {isa = PBXBuildFile; fileRef = 78F495012583914F0066E758 /* CategoriesFetcher.swift */; };
		78F49506258392320066E758 /* CategoryTableViewController.swift in Sources */ = {isa = PBXBuildFile; fileRef = 78F49505258392320066E758 /* CategoryTableViewController.swift */; };
		78F4950B25839A150066E758 /* SFProDisplay-Medium.ttf in Resources */ = {isa = PBXBuildFile; fileRef = 78F4950A25839A150066E758 /* SFProDisplay-Medium.ttf */; };
		78F4950F25839B290066E758 /* CategoryTableViewCell.swift in Sources */ = {isa = PBXBuildFile; fileRef = 78F4950E25839B290066E758 /* CategoryTableViewCell.swift */; };
		78F4951225839DEC0066E758 /* Category.swift in Sources */ = {isa = PBXBuildFile; fileRef = 78F4951125839DEC0066E758 /* Category.swift */; };
		78F4951525839E4B0066E758 /* SubCategory.swift in Sources */ = {isa = PBXBuildFile; fileRef = 78F4951425839E4B0066E758 /* SubCategory.swift */; };
		78F495182583A06F0066E758 /* CategoryParser.swift in Sources */ = {isa = PBXBuildFile; fileRef = 78F495172583A06F0066E758 /* CategoryParser.swift */; };
		78F4951B2583A4610066E758 /* Roboto-Bold.ttf in Resources */ = {isa = PBXBuildFile; fileRef = 78F4951A2583A4610066E758 /* Roboto-Bold.ttf */; };
		78F4951E2583A5270066E758 /* SFProDisplay-Regular.ttf in Resources */ = {isa = PBXBuildFile; fileRef = 78F4951D2583A5270066E758 /* SFProDisplay-Regular.ttf */; };
		78F495212583A5940066E758 /* SFProDisplay-Semibold.ttf in Resources */ = {isa = PBXBuildFile; fileRef = 78F495202583A5940066E758 /* SFProDisplay-Semibold.ttf */; };
		78F495242584FF670066E758 /* Roboto-Regular.ttf in Resources */ = {isa = PBXBuildFile; fileRef = 78F495232584FF670066E758 /* Roboto-Regular.ttf */; };
		78F495272584FFE70066E758 /* HelveticaNeueCyr-Black.ttf in Resources */ = {isa = PBXBuildFile; fileRef = 78F495262584FFE70066E758 /* HelveticaNeueCyr-Black.ttf */; };
		78F4953C258501BE0066E758 /* Akzidenzgroteskpro-boldcn.ttf in Resources */ = {isa = PBXBuildFile; fileRef = 78F4953B258501BE0066E758 /* Akzidenzgroteskpro-boldcn.ttf */; };
		78F4953F258501C70066E758 /* Akzidenzgroteskpro-md.ttf in Resources */ = {isa = PBXBuildFile; fileRef = 78F4953E258501C70066E758 /* Akzidenzgroteskpro-md.ttf */; };
		78F49543258505000066E758 /* akzidenzgroteskpro-regular.ttf in Resources */ = {isa = PBXBuildFile; fileRef = 78F49542258505000066E758 /* akzidenzgroteskpro-regular.ttf */; };
/* End PBXBuildFile section */

/* Begin PBXFileReference section */
		7805D8962588E5C80081D1BC /* ItemImageCollectionViewCell.swift */ = {isa = PBXFileReference; lastKnownFileType = sourcecode.swift; path = ItemImageCollectionViewCell.swift; sourceTree = "<group>"; };
		7805D89E258A16680081D1BC /* MakeOrderButton.swift */ = {isa = PBXFileReference; lastKnownFileType = sourcecode.swift; path = MakeOrderButton.swift; sourceTree = "<group>"; };
		780875F2258A276A0090835F /* YesButton.swift */ = {isa = PBXFileReference; lastKnownFileType = sourcecode.swift; path = YesButton.swift; sourceTree = "<group>"; };
		780875F5258A27700090835F /* NoButton.swift */ = {isa = PBXFileReference; lastKnownFileType = sourcecode.swift; path = NoButton.swift; sourceTree = "<group>"; };
		780875F8258A3A8A0090835F /* Cart.swift */ = {isa = PBXFileReference; lastKnownFileType = sourcecode.swift; path = Cart.swift; sourceTree = "<group>"; };
		780875FB258A3FF90090835F /* CartCounterView.swift */ = {isa = PBXFileReference; lastKnownFileType = sourcecode.swift; path = CartCounterView.swift; sourceTree = "<group>"; };
		780875FE258A460C0090835F /* CancelButton.swift */ = {isa = PBXFileReference; lastKnownFileType = sourcecode.swift; path = CancelButton.swift; sourceTree = "<group>"; };
		78087601258A46F00090835F /* CartLabel.swift */ = {isa = PBXFileReference; lastKnownFileType = sourcecode.swift; path = CartLabel.swift; sourceTree = "<group>"; };
		78087604258A47570090835F /* CartViewController.swift */ = {isa = PBXFileReference; lastKnownFileType = sourcecode.swift; path = CartViewController.swift; sourceTree = "<group>"; };
		78087608258A4C010090835F /* AddToCartButton.swift */ = {isa = PBXFileReference; lastKnownFileType = sourcecode.swift; path = AddToCartButton.swift; sourceTree = "<group>"; };
		7808760C258A5EB30090835F /* SizeConverter.swift */ = {isa = PBXFileReference; lastKnownFileType = sourcecode.swift; path = SizeConverter.swift; sourceTree = "<group>"; };
		78257A602588AB6000D7D2E1 /* ItemDetailViewController.swift */ = {isa = PBXFileReference; lastKnownFileType = sourcecode.swift; path = ItemDetailViewController.swift; sourceTree = "<group>"; };
		7867FF3125877856003CA752 /* SubcategoryTableViewCell.swift */ = {isa = PBXFileReference; lastKnownFileType = sourcecode.swift; path = SubcategoryTableViewCell.swift; sourceTree = "<group>"; };
		7867FF34258778A7003CA752 /* SubcategoryTableViewController.swift */ = {isa = PBXFileReference; lastKnownFileType = sourcecode.swift; path = SubcategoryTableViewController.swift; sourceTree = "<group>"; };
		787EC0432588B026001A508F /* ItemNameLabel.swift */ = {isa = PBXFileReference; lastKnownFileType = sourcecode.swift; path = ItemNameLabel.swift; sourceTree = "<group>"; };
		787EC04A2588B149001A508F /* CostLabel.swift */ = {isa = PBXFileReference; lastKnownFileType = sourcecode.swift; path = CostLabel.swift; sourceTree = "<group>"; };
		787EC04E2588B18E001A508F /* PriceLabel.swift */ = {isa = PBXFileReference; lastKnownFileType = sourcecode.swift; path = PriceLabel.swift; sourceTree = "<group>"; };
		787EC0512588B504001A508F /* HelveticaNeueCyr-Bold.ttf */ = {isa = PBXFileReference; lastKnownFileType = file; path = "HelveticaNeueCyr-Bold.ttf"; sourceTree = "<group>"; };
		78A2C341258A18D300861AE9 /* MakeOrderLabel.swift */ = {isa = PBXFileReference; lastKnownFileType = sourcecode.swift; path = MakeOrderLabel.swift; sourceTree = "<group>"; };
		78A2C344258A1A6E00861AE9 /* LineLabel.swift */ = {isa = PBXFileReference; lastKnownFileType = sourcecode.swift; path = LineLabel.swift; sourceTree = "<group>"; };
		78A2C347258A1B6000861AE9 /* TotalLabel.swift */ = {isa = PBXFileReference; lastKnownFileType = sourcecode.swift; path = TotalLabel.swift; sourceTree = "<group>"; };
		78A2C34A258A1BBA00861AE9 /* TotalPriceLabel.swift */ = {isa = PBXFileReference; lastKnownFileType = sourcecode.swift; path = TotalPriceLabel.swift; sourceTree = "<group>"; };
		78A2C34D258A1EB700861AE9 /* CartTableViewCell.swift */ = {isa = PBXFileReference; lastKnownFileType = sourcecode.swift; path = CartTableViewCell.swift; sourceTree = "<group>"; };
		78A2C350258A258F00861AE9 /* RemoveFromCartView.swift */ = {isa = PBXFileReference; lastKnownFileType = sourcecode.swift; path = RemoveFromCartView.swift; sourceTree = "<group>"; };
		78A2C353258A25A100861AE9 /* RemoveFromCartView.xib */ = {isa = PBXFileReference; lastKnownFileType = file.xib; path = RemoveFromCartView.xib; sourceTree = "<group>"; };
		78A2C356258A25DE00861AE9 /* UIView+Extensions.swift */ = {isa = PBXFileReference; lastKnownFileType = sourcecode.swift; path = "UIView+Extensions.swift"; sourceTree = "<group>"; };
		78C785222587B7720012534F /* Protocols.swift */ = {isa = PBXFileReference; lastKnownFileType = sourcecode.swift; path = Protocols.swift; sourceTree = "<group>"; };
		78C785252587B83E0012534F /* ItemDescriptionLabel.swift */ = {isa = PBXFileReference; lastKnownFileType = sourcecode.swift; path = ItemDescriptionLabel.swift; sourceTree = "<group>"; };
		78C8D83B25878EFB001217DA /* BuyButton.swift */ = {isa = PBXFileReference; lastKnownFileType = sourcecode.swift; path = BuyButton.swift; sourceTree = "<group>"; };
		78C8D83E2587903B001217DA /* ItemsCollectionViewController.swift */ = {isa = PBXFileReference; lastKnownFileType = sourcecode.swift; path = ItemsCollectionViewController.swift; sourceTree = "<group>"; };
		78C8D8412587904E001217DA /* ItemCollectionViewCell.swift */ = {isa = PBXFileReference; lastKnownFileType = sourcecode.swift; path = ItemCollectionViewCell.swift; sourceTree = "<group>"; };
		78C8D8442587919B001217DA /* ItemsFetcher.swift */ = {isa = PBXFileReference; lastKnownFileType = sourcecode.swift; path = ItemsFetcher.swift; sourceTree = "<group>"; };
		78C8D84825879677001217DA /* Item.swift */ = {isa = PBXFileReference; lastKnownFileType = sourcecode.swift; path = Item.swift; sourceTree = "<group>"; };
		78C8D84B2587996E001217DA /* ItemsParser.swift */ = {isa = PBXFileReference; lastKnownFileType = sourcecode.swift; path = ItemsParser.swift; sourceTree = "<group>"; };
		78C8D8592587B612001217DA /* AddToCartLabel.swift */ = {isa = PBXFileReference; lastKnownFileType = sourcecode.swift; path = AddToCartLabel.swift; sourceTree = "<group>"; };
		78F494DB25838BA80066E758 /* BlackStarWear.app */ = {isa = PBXFileReference; explicitFileType = wrapper.application; includeInIndex = 0; path = BlackStarWear.app; sourceTree = BUILT_PRODUCTS_DIR; };
		78F494DE25838BA80066E758 /* AppDelegate.swift */ = {isa = PBXFileReference; lastKnownFileType = sourcecode.swift; path = AppDelegate.swift; sourceTree = "<group>"; };
		78F494E525838BA80066E758 /* Base */ = {isa = PBXFileReference; lastKnownFileType = file.storyboard; name = Base; path = Base.lproj/Main.storyboard; sourceTree = "<group>"; };
		78F494E725838BA80066E758 /* Assets.xcassets */ = {isa = PBXFileReference; lastKnownFileType = folder.assetcatalog; path = Assets.xcassets; sourceTree = "<group>"; };
		78F494EA25838BA80066E758 /* Base */ = {isa = PBXFileReference; lastKnownFileType = file.storyboard; name = Base; path = Base.lproj/LaunchScreen.storyboard; sourceTree = "<group>"; };
		78F494EC25838BA80066E758 /* Info.plist */ = {isa = PBXFileReference; lastKnownFileType = text.plist.xml; path = Info.plist; sourceTree = "<group>"; };
		78F494FB258390570066E758 /* URLS.swift */ = {isa = PBXFileReference; lastKnownFileType = sourcecode.swift; path = URLS.swift; sourceTree = "<group>"; };
		78F494FE258390CD0066E758 /* ImageFetcher.swift */ = {isa = PBXFileReference; lastKnownFileType = sourcecode.swift; path = ImageFetcher.swift; sourceTree = "<group>"; };
		78F495012583914F0066E758 /* CategoriesFetcher.swift */ = {isa = PBXFileReference; lastKnownFileType = sourcecode.swift; path = CategoriesFetcher.swift; sourceTree = "<group>"; };
		78F49505258392320066E758 /* CategoryTableViewController.swift */ = {isa = PBXFileReference; lastKnownFileType = sourcecode.swift; path = CategoryTableViewController.swift; sourceTree = "<group>"; };
		78F4950A25839A150066E758 /* SFProDisplay-Medium.ttf */ = {isa = PBXFileReference; lastKnownFileType = file; path = "SFProDisplay-Medium.ttf"; sourceTree = "<group>"; };
		78F4950E25839B290066E758 /* CategoryTableViewCell.swift */ = {isa = PBXFileReference; lastKnownFileType = sourcecode.swift; path = CategoryTableViewCell.swift; sourceTree = "<group>"; };
		78F4951125839DEC0066E758 /* Category.swift */ = {isa = PBXFileReference; lastKnownFileType = sourcecode.swift; path = Category.swift; sourceTree = "<group>"; };
		78F4951425839E4B0066E758 /* SubCategory.swift */ = {isa = PBXFileReference; lastKnownFileType = sourcecode.swift; path = SubCategory.swift; sourceTree = "<group>"; };
		78F495172583A06F0066E758 /* CategoryParser.swift */ = {isa = PBXFileReference; lastKnownFileType = sourcecode.swift; path = CategoryParser.swift; sourceTree = "<group>"; };
		78F4951A2583A4610066E758 /* Roboto-Bold.ttf */ = {isa = PBXFileReference; lastKnownFileType = file; path = "Roboto-Bold.ttf"; sourceTree = "<group>"; };
		78F4951D2583A5270066E758 /* SFProDisplay-Regular.ttf */ = {isa = PBXFileReference; lastKnownFileType = file; path = "SFProDisplay-Regular.ttf"; sourceTree = "<group>"; };
		78F495202583A5940066E758 /* SFProDisplay-Semibold.ttf */ = {isa = PBXFileReference; lastKnownFileType = file; path = "SFProDisplay-Semibold.ttf"; sourceTree = "<group>"; };
		78F495232584FF670066E758 /* Roboto-Regular.ttf */ = {isa = PBXFileReference; lastKnownFileType = file; path = "Roboto-Regular.ttf"; sourceTree = "<group>"; };
		78F495262584FFE70066E758 /* HelveticaNeueCyr-Black.ttf */ = {isa = PBXFileReference; lastKnownFileType = file; path = "HelveticaNeueCyr-Black.ttf"; sourceTree = "<group>"; };
		78F4953B258501BE0066E758 /* Akzidenzgroteskpro-boldcn.ttf */ = {isa = PBXFileReference; lastKnownFileType = file; path = "Akzidenzgroteskpro-boldcn.ttf"; sourceTree = "<group>"; };
		78F4953E258501C70066E758 /* Akzidenzgroteskpro-md.ttf */ = {isa = PBXFileReference; lastKnownFileType = file; path = "Akzidenzgroteskpro-md.ttf"; sourceTree = "<group>"; };
		78F49542258505000066E758 /* akzidenzgroteskpro-regular.ttf */ = {isa = PBXFileReference; lastKnownFileType = file; path = "akzidenzgroteskpro-regular.ttf"; sourceTree = "<group>"; };
/* End PBXFileReference section */

/* Begin PBXFrameworksBuildPhase section */
		78F494D825838BA80066E758 /* Frameworks */ = {
			isa = PBXFrameworksBuildPhase;
			buildActionMask = 2147483647;
			files = (
			);
			runOnlyForDeploymentPostprocessing = 0;
		};
/* End PBXFrameworksBuildPhase section */

/* Begin PBXGroup section */
		787EC0472588B0EC001A508F /* Labels */ = {
			isa = PBXGroup;
			children = (
				787EC04A2588B149001A508F /* CostLabel.swift */,
				78C785252587B83E0012534F /* ItemDescriptionLabel.swift */,
				787EC0432588B026001A508F /* ItemNameLabel.swift */,
				787EC04E2588B18E001A508F /* PriceLabel.swift */,
				78C8D8592587B612001217DA /* AddToCartLabel.swift */,
				78A2C341258A18D300861AE9 /* MakeOrderLabel.swift */,
				78A2C344258A1A6E00861AE9 /* LineLabel.swift */,
				78A2C347258A1B6000861AE9 /* TotalLabel.swift */,
				78A2C34A258A1BBA00861AE9 /* TotalPriceLabel.swift */,
				78087601258A46F00090835F /* CartLabel.swift */,
			);
			path = Labels;
			sourceTree = "<group>";
		};
		787EC0482588B0FA001A508F /* Buttons */ = {
			isa = PBXGroup;
			children = (
				78C8D83B25878EFB001217DA /* BuyButton.swift */,
				7805D89E258A16680081D1BC /* MakeOrderButton.swift */,
				780875F2258A276A0090835F /* YesButton.swift */,
				780875F5258A27700090835F /* NoButton.swift */,
				780875FE258A460C0090835F /* CancelButton.swift */,
				78087608258A4C010090835F /* AddToCartButton.swift */,
			);
			path = Buttons;
			sourceTree = "<group>";
		};
		787EC0492588B109001A508F /* View */ = {
			isa = PBXGroup;
			children = (
				78A2C350258A258F00861AE9 /* RemoveFromCartView.swift */,
				78A2C353258A25A100861AE9 /* RemoveFromCartView.xib */,
				780875FB258A3FF90090835F /* CartCounterView.swift */,
			);
			path = View;
			sourceTree = "<group>";
		};
		78F494D225838BA80066E758 = {
			isa = PBXGroup;
			children = (
				780875F8258A3A8A0090835F /* Cart.swift */,
				78F494DD25838BA80066E758 /* BlackStarWear */,
				78F494DC25838BA80066E758 /* Products */,
			);
			sourceTree = "<group>";
		};
		78F494DC25838BA80066E758 /* Products */ = {
			isa = PBXGroup;
			children = (
				78F494DB25838BA80066E758 /* BlackStarWear.app */,
			);
			name = Products;
			sourceTree = "<group>";
		};
		78F494DD25838BA80066E758 /* BlackStarWear */ = {
			isa = PBXGroup;
			children = (
				78F494E425838BA80066E758 /* Main.storyboard */,
				78F494F925838BFE0066E758 /* Model */,
				78F4954625850AB80066E758 /* Views */,
				78F4950D25839B100066E758 /* Cells */,
				78F49504258391E90066E758 /* Controller */,
				78F49532258500DF0066E758 /* Extensions */,
				78F494F625838BC20066E758 /* Misc */,
			);
			path = BlackStarWear;
			sourceTree = "<group>";
		};
		78F494F625838BC20066E758 /* Misc */ = {
			isa = PBXGroup;
			children = (
				78F4950925839A0A0066E758 /* Fonts */,
				78F494DE25838BA80066E758 /* AppDelegate.swift */,
				78C785222587B7720012534F /* Protocols.swift */,
				78F494E725838BA80066E758 /* Assets.xcassets */,
				78F494E925838BA80066E758 /* LaunchScreen.storyboard */,
				78F494EC25838BA80066E758 /* Info.plist */,
			);
			path = Misc;
			sourceTree = "<group>";
		};
		78F494F925838BFE0066E758 /* Model */ = {
			isa = PBXGroup;
			children = (
				78F494FB258390570066E758 /* URLS.swift */,
				78F495172583A06F0066E758 /* CategoryParser.swift */,
				78F494FE258390CD0066E758 /* ImageFetcher.swift */,
				78C8D8442587919B001217DA /* ItemsFetcher.swift */,
				78F495012583914F0066E758 /* CategoriesFetcher.swift */,
				78F4951125839DEC0066E758 /* Category.swift */,
				78F4951425839E4B0066E758 /* SubCategory.swift */,
				78C8D84825879677001217DA /* Item.swift */,
				78C8D84B2587996E001217DA /* ItemsParser.swift */,
				7808760C258A5EB30090835F /* SizeConverter.swift */,
			);
			path = Model;
			sourceTree = "<group>";
		};
		78F49504258391E90066E758 /* Controller */ = {
			isa = PBXGroup;
			children = (
				7867FF34258778A7003CA752 /* SubcategoryTableViewController.swift */,
				78F49505258392320066E758 /* CategoryTableViewController.swift */,
				78C8D83E2587903B001217DA /* ItemsCollectionViewController.swift */,
				78257A602588AB6000D7D2E1 /* ItemDetailViewController.swift */,
				78087604258A47570090835F /* CartViewController.swift */,
			);
			path = Controller;
			sourceTree = "<group>";
		};
		78F4950925839A0A0066E758 /* Fonts */ = {
			isa = PBXGroup;
			children = (
				78F495202583A5940066E758 /* SFProDisplay-Semibold.ttf */,
				78F4951D2583A5270066E758 /* SFProDisplay-Regular.ttf */,
				78F4950A25839A150066E758 /* SFProDisplay-Medium.ttf */,
				78F4951A2583A4610066E758 /* Roboto-Bold.ttf */,
				78F495232584FF670066E758 /* Roboto-Regular.ttf */,
				78F495262584FFE70066E758 /* HelveticaNeueCyr-Black.ttf */,
				787EC0512588B504001A508F /* HelveticaNeueCyr-Bold.ttf */,
				78F49542258505000066E758 /* akzidenzgroteskpro-regular.ttf */,
				78F4953B258501BE0066E758 /* Akzidenzgroteskpro-boldcn.ttf */,
				78F4953E258501C70066E758 /* Akzidenzgroteskpro-md.ttf */,
			);
			path = Fonts;
			sourceTree = "<group>";
		};
		78F4950D25839B100066E758 /* Cells */ = {
			isa = PBXGroup;
			children = (
				78F4950E25839B290066E758 /* CategoryTableViewCell.swift */,
				7867FF3125877856003CA752 /* SubcategoryTableViewCell.swift */,
				78C8D8412587904E001217DA /* ItemCollectionViewCell.swift */,
				7805D8962588E5C80081D1BC /* ItemImageCollectionViewCell.swift */,
				78A2C34D258A1EB700861AE9 /* CartTableViewCell.swift */,
			);
			path = Cells;
			sourceTree = "<group>";
		};
		78F49532258500DF0066E758 /* Extensions */ = {
			isa = PBXGroup;
			children = (
				78A2C356258A25DE00861AE9 /* UIView+Extensions.swift */,
			);
			path = Extensions;
			sourceTree = "<group>";
		};
		78F4954625850AB80066E758 /* Views */ = {
			isa = PBXGroup;
			children = (
				787EC0492588B109001A508F /* View */,
				787EC0482588B0FA001A508F /* Buttons */,
				787EC0472588B0EC001A508F /* Labels */,
			);
			path = Views;
			sourceTree = "<group>";
		};
/* End PBXGroup section */

/* Begin PBXNativeTarget section */
		78F494DA25838BA80066E758 /* BlackStarWear */ = {
			isa = PBXNativeTarget;
			buildConfigurationList = 78F494EF25838BA80066E758 /* Build configuration list for PBXNativeTarget "BlackStarWear" */;
			buildPhases = (
				78F494D725838BA80066E758 /* Sources */,
				78F494D825838BA80066E758 /* Frameworks */,
				78F494D925838BA80066E758 /* Resources */,
			);
			buildRules = (
			);
			dependencies = (
			);
			name = BlackStarWear;
			productName = BlackStarWear;
			productReference = 78F494DB25838BA80066E758 /* BlackStarWear.app */;
			productType = "com.apple.product-type.application";
		};
/* End PBXNativeTarget section */

/* Begin PBXProject section */
		78F494D325838BA80066E758 /* Project object */ = {
			isa = PBXProject;
			attributes = {
				LastSwiftUpdateCheck = 1220;
				LastUpgradeCheck = 1220;
				TargetAttributes = {
					78F494DA25838BA80066E758 = {
						CreatedOnToolsVersion = 12.2;
					};
				};
			};
			buildConfigurationList = 78F494D625838BA80066E758 /* Build configuration list for PBXProject "BlackStarWear" */;
			compatibilityVersion = "Xcode 9.3";
			developmentRegion = en;
			hasScannedForEncodings = 0;
			knownRegions = (
				en,
				Base,
			);
			mainGroup = 78F494D225838BA80066E758;
			productRefGroup = 78F494DC25838BA80066E758 /* Products */;
			projectDirPath = "";
			projectRoot = "";
			targets = (
				78F494DA25838BA80066E758 /* BlackStarWear */,
			);
		};
/* End PBXProject section */

/* Begin PBXResourcesBuildPhase section */
		78F494D925838BA80066E758 /* Resources */ = {
			isa = PBXResourcesBuildPhase;
			buildActionMask = 2147483647;
			files = (
				78A2C354258A25A100861AE9 /* RemoveFromCartView.xib in Resources */,
				78F494EB25838BA80066E758 /* LaunchScreen.storyboard in Resources */,
				78F4950B25839A150066E758 /* SFProDisplay-Medium.ttf in Resources */,
				78F4953F258501C70066E758 /* Akzidenzgroteskpro-md.ttf in Resources */,
				787EC0522588B504001A508F /* HelveticaNeueCyr-Bold.ttf in Resources */,
				78F495242584FF670066E758 /* Roboto-Regular.ttf in Resources */,
				78F495212583A5940066E758 /* SFProDisplay-Semibold.ttf in Resources */,
				78F495272584FFE70066E758 /* HelveticaNeueCyr-Black.ttf in Resources */,
				78F4951B2583A4610066E758 /* Roboto-Bold.ttf in Resources */,
				78F4953C258501BE0066E758 /* Akzidenzgroteskpro-boldcn.ttf in Resources */,
				78F4951E2583A5270066E758 /* SFProDisplay-Regular.ttf in Resources */,
				78F49543258505000066E758 /* akzidenzgroteskpro-regular.ttf in Resources */,
				78F494E825838BA80066E758 /* Assets.xcassets in Resources */,
				78F494E625838BA80066E758 /* Main.storyboard in Resources */,
			);
			runOnlyForDeploymentPostprocessing = 0;
		};
/* End PBXResourcesBuildPhase section */

/* Begin PBXSourcesBuildPhase section */
		78F494D725838BA80066E758 /* Sources */ = {
			isa = PBXSourcesBuildPhase;
			buildActionMask = 2147483647;
			files = (
				78C8D8452587919B001217DA /* ItemsFetcher.swift in Sources */,
				78A2C34B258A1BBA00861AE9 /* TotalPriceLabel.swift in Sources */,
				78C8D85A2587B612001217DA /* AddToCartLabel.swift in Sources */,
				780875F3258A276A0090835F /* YesButton.swift in Sources */,
				78C8D8422587904E001217DA /* ItemCollectionViewCell.swift in Sources */,
				787EC04F2588B18E001A508F /* PriceLabel.swift in Sources */,
				78C8D84925879677001217DA /* Item.swift in Sources */,
				78F495182583A06F0066E758 /* CategoryParser.swift in Sources */,
				7867FF35258778A7003CA752 /* SubcategoryTableViewController.swift in Sources */,
				78087609258A4C010090835F /* AddToCartButton.swift in Sources */,
				78F494FF258390CD0066E758 /* ImageFetcher.swift in Sources */,
				78C785232587B7720012534F /* Protocols.swift in Sources */,
				78F495022583914F0066E758 /* CategoriesFetcher.swift in Sources */,
				78C8D83C25878EFB001217DA /* BuyButton.swift in Sources */,
				78A2C342258A18D300861AE9 /* MakeOrderLabel.swift in Sources */,
				78257A612588AB6000D7D2E1 /* ItemDetailViewController.swift in Sources */,
				78087605258A47570090835F /* CartViewController.swift in Sources */,
				78A2C348258A1B6000861AE9 /* TotalLabel.swift in Sources */,
				78C8D84C2587996E001217DA /* ItemsParser.swift in Sources */,
				787EC0442588B026001A508F /* ItemNameLabel.swift in Sources */,
				78F49506258392320066E758 /* CategoryTableViewController.swift in Sources */,
				78C785262587B83E0012534F /* ItemDescriptionLabel.swift in Sources */,
				780875F9258A3A8A0090835F /* Cart.swift in Sources */,
				780875F6258A27700090835F /* NoButton.swift in Sources */,
				78F494DF25838BA80066E758 /* AppDelegate.swift in Sources */,
				7805D8972588E5C80081D1BC /* ItemImageCollectionViewCell.swift in Sources */,
				7805D89F258A16680081D1BC /* MakeOrderButton.swift in Sources */,
				780875FC258A3FF90090835F /* CartCounterView.swift in Sources */,
				78F4951525839E4B0066E758 /* SubCategory.swift in Sources */,
				78A2C34E258A1EB700861AE9 /* CartTableViewCell.swift in Sources */,
				78F494FC258390570066E758 /* URLS.swift in Sources */,
				78F4950F25839B290066E758 /* CategoryTableViewCell.swift in Sources */,
				7867FF3225877856003CA752 /* SubcategoryTableViewCell.swift in Sources */,
				78F4951225839DEC0066E758 /* Category.swift in Sources */,
				78A2C357258A25DF00861AE9 /* UIView+Extensions.swift in Sources */,
				78087602258A46F00090835F /* CartLabel.swift in Sources */,
				787EC04B2588B149001A508F /* CostLabel.swift in Sources */,
				78A2C345258A1A6E00861AE9 /* LineLabel.swift in Sources */,
				78A2C351258A258F00861AE9 /* RemoveFromCartView.swift in Sources */,
				7808760D258A5EB30090835F /* SizeConverter.swift in Sources */,
				78C8D83F2587903B001217DA /* ItemsCollectionViewController.swift in Sources */,
				780875FF258A460C0090835F /* CancelButton.swift in Sources */,
			);
			runOnlyForDeploymentPostprocessing = 0;
		};
/* End PBXSourcesBuildPhase section */

/* Begin PBXVariantGroup section */
		78F494E425838BA80066E758 /* Main.storyboard */ = {
			isa = PBXVariantGroup;
			children = (
				78F494E525838BA80066E758 /* Base */,
			);
			name = Main.storyboard;
			sourceTree = "<group>";
		};
		78F494E925838BA80066E758 /* LaunchScreen.storyboard */ = {
			isa = PBXVariantGroup;
			children = (
				78F494EA25838BA80066E758 /* Base */,
			);
			name = LaunchScreen.storyboard;
			sourceTree = "<group>";
		};
/* End PBXVariantGroup section */

/* Begin XCBuildConfiguration section */
		78F494ED25838BA80066E758 /* Debug */ = {
			isa = XCBuildConfiguration;
			buildSettings = {
				ALWAYS_SEARCH_USER_PATHS = NO;
				CLANG_ANALYZER_NONNULL = YES;
				CLANG_ANALYZER_NUMBER_OBJECT_CONVERSION = YES_AGGRESSIVE;
				CLANG_CXX_LANGUAGE_STANDARD = "gnu++14";
				CLANG_CXX_LIBRARY = "libc++";
				CLANG_ENABLE_MODULES = YES;
				CLANG_ENABLE_OBJC_ARC = YES;
				CLANG_ENABLE_OBJC_WEAK = YES;
				CLANG_WARN_BLOCK_CAPTURE_AUTORELEASING = YES;
				CLANG_WARN_BOOL_CONVERSION = YES;
				CLANG_WARN_COMMA = YES;
				CLANG_WARN_CONSTANT_CONVERSION = YES;
				CLANG_WARN_DEPRECATED_OBJC_IMPLEMENTATIONS = YES;
				CLANG_WARN_DIRECT_OBJC_ISA_USAGE = YES_ERROR;
				CLANG_WARN_DOCUMENTATION_COMMENTS = YES;
				CLANG_WARN_EMPTY_BODY = YES;
				CLANG_WARN_ENUM_CONVERSION = YES;
				CLANG_WARN_INFINITE_RECURSION = YES;
				CLANG_WARN_INT_CONVERSION = YES;
				CLANG_WARN_NON_LITERAL_NULL_CONVERSION = YES;
				CLANG_WARN_OBJC_IMPLICIT_RETAIN_SELF = YES;
				CLANG_WARN_OBJC_LITERAL_CONVERSION = YES;
				CLANG_WARN_OBJC_ROOT_CLASS = YES_ERROR;
				CLANG_WARN_QUOTED_INCLUDE_IN_FRAMEWORK_HEADER = YES;
				CLANG_WARN_RANGE_LOOP_ANALYSIS = YES;
				CLANG_WARN_STRICT_PROTOTYPES = YES;
				CLANG_WARN_SUSPICIOUS_MOVE = YES;
				CLANG_WARN_UNGUARDED_AVAILABILITY = YES_AGGRESSIVE;
				CLANG_WARN_UNREACHABLE_CODE = YES;
				CLANG_WARN__DUPLICATE_METHOD_MATCH = YES;
				COPY_PHASE_STRIP = NO;
				DEBUG_INFORMATION_FORMAT = dwarf;
				ENABLE_STRICT_OBJC_MSGSEND = YES;
				ENABLE_TESTABILITY = YES;
				GCC_C_LANGUAGE_STANDARD = gnu11;
				GCC_DYNAMIC_NO_PIC = NO;
				GCC_NO_COMMON_BLOCKS = YES;
				GCC_OPTIMIZATION_LEVEL = 0;
				GCC_PREPROCESSOR_DEFINITIONS = (
					"DEBUG=1",
					"$(inherited)",
				);
				GCC_WARN_64_TO_32_BIT_CONVERSION = YES;
				GCC_WARN_ABOUT_RETURN_TYPE = YES_ERROR;
				GCC_WARN_UNDECLARED_SELECTOR = YES;
				GCC_WARN_UNINITIALIZED_AUTOS = YES_AGGRESSIVE;
				GCC_WARN_UNUSED_FUNCTION = YES;
				GCC_WARN_UNUSED_VARIABLE = YES;
				IPHONEOS_DEPLOYMENT_TARGET = 14.2;
				MTL_ENABLE_DEBUG_INFO = INCLUDE_SOURCE;
				MTL_FAST_MATH = YES;
				ONLY_ACTIVE_ARCH = YES;
				SDKROOT = iphoneos;
				SWIFT_ACTIVE_COMPILATION_CONDITIONS = DEBUG;
				SWIFT_OPTIMIZATION_LEVEL = "-Onone";
			};
			name = Debug;
		};
		78F494EE25838BA80066E758 /* Release */ = {
			isa = XCBuildConfiguration;
			buildSettings = {
				ALWAYS_SEARCH_USER_PATHS = NO;
				CLANG_ANALYZER_NONNULL = YES;
				CLANG_ANALYZER_NUMBER_OBJECT_CONVERSION = YES_AGGRESSIVE;
				CLANG_CXX_LANGUAGE_STANDARD = "gnu++14";
				CLANG_CXX_LIBRARY = "libc++";
				CLANG_ENABLE_MODULES = YES;
				CLANG_ENABLE_OBJC_ARC = YES;
				CLANG_ENABLE_OBJC_WEAK = YES;
				CLANG_WARN_BLOCK_CAPTURE_AUTORELEASING = YES;
				CLANG_WARN_BOOL_CONVERSION = YES;
				CLANG_WARN_COMMA = YES;
				CLANG_WARN_CONSTANT_CONVERSION = YES;
				CLANG_WARN_DEPRECATED_OBJC_IMPLEMENTATIONS = YES;
				CLANG_WARN_DIRECT_OBJC_ISA_USAGE = YES_ERROR;
				CLANG_WARN_DOCUMENTATION_COMMENTS = YES;
				CLANG_WARN_EMPTY_BODY = YES;
				CLANG_WARN_ENUM_CONVERSION = YES;
				CLANG_WARN_INFINITE_RECURSION = YES;
				CLANG_WARN_INT_CONVERSION = YES;
				CLANG_WARN_NON_LITERAL_NULL_CONVERSION = YES;
				CLANG_WARN_OBJC_IMPLICIT_RETAIN_SELF = YES;
				CLANG_WARN_OBJC_LITERAL_CONVERSION = YES;
				CLANG_WARN_OBJC_ROOT_CLASS = YES_ERROR;
				CLANG_WARN_QUOTED_INCLUDE_IN_FRAMEWORK_HEADER = YES;
				CLANG_WARN_RANGE_LOOP_ANALYSIS = YES;
				CLANG_WARN_STRICT_PROTOTYPES = YES;
				CLANG_WARN_SUSPICIOUS_MOVE = YES;
				CLANG_WARN_UNGUARDED_AVAILABILITY = YES_AGGRESSIVE;
				CLANG_WARN_UNREACHABLE_CODE = YES;
				CLANG_WARN__DUPLICATE_METHOD_MATCH = YES;
				COPY_PHASE_STRIP = NO;
				DEBUG_INFORMATION_FORMAT = "dwarf-with-dsym";
				ENABLE_NS_ASSERTIONS = NO;
				ENABLE_STRICT_OBJC_MSGSEND = YES;
				GCC_C_LANGUAGE_STANDARD = gnu11;
				GCC_NO_COMMON_BLOCKS = YES;
				GCC_WARN_64_TO_32_BIT_CONVERSION = YES;
				GCC_WARN_ABOUT_RETURN_TYPE = YES_ERROR;
				GCC_WARN_UNDECLARED_SELECTOR = YES;
				GCC_WARN_UNINITIALIZED_AUTOS = YES_AGGRESSIVE;
				GCC_WARN_UNUSED_FUNCTION = YES;
				GCC_WARN_UNUSED_VARIABLE = YES;
				IPHONEOS_DEPLOYMENT_TARGET = 14.2;
				MTL_ENABLE_DEBUG_INFO = NO;
				MTL_FAST_MATH = YES;
				SDKROOT = iphoneos;
				SWIFT_COMPILATION_MODE = wholemodule;
				SWIFT_OPTIMIZATION_LEVEL = "-O";
				VALIDATE_PRODUCT = YES;
			};
			name = Release;
		};
		78F494F025838BA80066E758 /* Debug */ = {
			isa = XCBuildConfiguration;
			buildSettings = {
				ASSETCATALOG_COMPILER_APPICON_NAME = AppIcon;
				ASSETCATALOG_COMPILER_GLOBAL_ACCENT_COLOR_NAME = AccentColor;
				CODE_SIGN_STYLE = Automatic;
				DEVELOPMENT_TEAM = 36UX7SKY3J;
				INFOPLIST_FILE = BlackStarWear/Misc/Info.plist;
				LD_RUNPATH_SEARCH_PATHS = (
					"$(inherited)",
					"@executable_path/Frameworks",
				);
				PRODUCT_BUNDLE_IDENTIFIER = com.igorbaranov.skill.box.gr.work.BlackStarWear;
				PRODUCT_NAME = "$(TARGET_NAME)";
				SWIFT_VERSION = 5.0;
				TARGETED_DEVICE_FAMILY = "1,2";
			};
			name = Debug;
		};
		78F494F125838BA80066E758 /* Release */ = {
			isa = XCBuildConfiguration;
			buildSettings = {
				ASSETCATALOG_COMPILER_APPICON_NAME = AppIcon;
				ASSETCATALOG_COMPILER_GLOBAL_ACCENT_COLOR_NAME = AccentColor;
				CODE_SIGN_STYLE = Automatic;
				DEVELOPMENT_TEAM = 36UX7SKY3J;
				INFOPLIST_FILE = BlackStarWear/Misc/Info.plist;
				LD_RUNPATH_SEARCH_PATHS = (
					"$(inherited)",
					"@executable_path/Frameworks",
				);
				PRODUCT_BUNDLE_IDENTIFIER = com.igorbaranov.skill.box.gr.work.BlackStarWear;
				PRODUCT_NAME = "$(TARGET_NAME)";
				SWIFT_VERSION = 5.0;
				TARGETED_DEVICE_FAMILY = "1,2";
			};
			name = Release;
		};
/* End XCBuildConfiguration section */

/* Begin XCConfigurationList section */
		78F494D625838BA80066E758 /* Build configuration list for PBXProject "BlackStarWear" */ = {
			isa = XCConfigurationList;
			buildConfigurations = (
				78F494ED25838BA80066E758 /* Debug */,
				78F494EE25838BA80066E758 /* Release */,
			);
			defaultConfigurationIsVisible = 0;
			defaultConfigurationName = Release;
		};
		78F494EF25838BA80066E758 /* Build configuration list for PBXNativeTarget "BlackStarWear" */ = {
			isa = XCConfigurationList;
			buildConfigurations = (
				78F494F025838BA80066E758 /* Debug */,
				78F494F125838BA80066E758 /* Release */,
			);
			defaultConfigurationIsVisible = 0;
			defaultConfigurationName = Release;
		};
/* End XCConfigurationList section */
	};
	rootObject = 78F494D325838BA80066E758 /* Project object */;
}
